PATH
  remote: ../..
  specs:
    simpress (0.0.1)
      erubi
      natto
      ox
      redcarpet
      sass-embedded
      stringex
      tee
      tilt
      xxhash

GEM
  remote: https://rubygems.org/
  specs:
    bigdecimal (4.0.1)
    diff-lcs (1.6.2)
    docile (1.4.1)
    erubi (1.13.1)
    ffi (1.17.3)
    ffi (1.17.3-aarch64-linux-gnu)
    ffi (1.17.3-aarch64-linux-musl)
    ffi (1.17.3-arm-linux-gnu)
    ffi (1.17.3-arm-linux-musl)
    ffi (1.17.3-arm64-darwin)
    ffi (1.17.3-x86-linux-gnu)
    ffi (1.17.3-x86-linux-musl)
    ffi (1.17.3-x86_64-darwin)
    ffi (1.17.3-x86_64-linux-gnu)
    ffi (1.17.3-x86_64-linux-musl)
    google-protobuf (4.33.5)
      bigdecimal
      rake (>= 13)
    google-protobuf (4.33.5-aarch64-linux-gnu)
      bigdecimal
      rake (>= 13)
    google-protobuf (4.33.5-aarch64-linux-musl)
      bigdecimal
      rake (>= 13)
    google-protobuf (4.33.5-arm64-darwin)
      bigdecimal
      rake (>= 13)
    google-protobuf (4.33.5-x86-linux-gnu)
      bigdecimal
      rake (>= 13)
    google-protobuf (4.33.5-x86-linux-musl)
      bigdecimal
      rake (>= 13)
    google-protobuf (4.33.5-x86_64-darwin)
      bigdecimal
      rake (>= 13)
    google-protobuf (4.33.5-x86_64-linux-gnu)
      bigdecimal
      rake (>= 13)
    google-protobuf (4.33.5-x86_64-linux-musl)
      bigdecimal
      rake (>= 13)
    natto (1.2.0)
      ffi (>= 1.9.0)
    ox (2.14.23)
      bigdecimal (>= 3.0)
    rake (13.3.1)
    redcarpet (3.6.1)
    rspec (3.13.2)
      rspec-core (~> 3.13.0)
      rspec-expectations (~> 3.13.0)
      rspec-mocks (~> 3.13.0)
    rspec-core (3.13.6)
      rspec-support (~> 3.13.0)
    rspec-expectations (3.13.5)
      diff-lcs (>= 1.2.0, < 2.0)
      rspec-support (~> 3.13.0)
    rspec-mocks (3.13.7)
      diff-lcs (>= 1.2.0, < 2.0)
      rspec-support (~> 3.13.0)
    rspec-support (3.13.7)
    sass-embedded (1.97.3)
      google-protobuf (~> 4.31)
      rake (>= 13)
    sass-embedded (1.97.3-aarch64-linux-android)
      google-protobuf (~> 4.31)
    sass-embedded (1.97.3-aarch64-linux-gnu)
      google-protobuf (~> 4.31)
    sass-embedded (1.97.3-aarch64-linux-musl)
      google-protobuf (~> 4.31)
    sass-embedded (1.97.3-arm-linux-androideabi)
      google-protobuf (~> 4.31)
    sass-embedded (1.97.3-arm-linux-gnueabihf)
      google-protobuf (~> 4.31)
    sass-embedded (1.97.3-arm-linux-musleabihf)
      google-protobuf (~> 4.31)
    sass-embedded (1.97.3-arm64-darwin)
      google-protobuf (~> 4.31)
    sass-embedded (1.97.3-riscv64-linux-android)
      google-protobuf (~> 4.31)
    sass-embedded (1.97.3-riscv64-linux-gnu)
      google-protobuf (~> 4.31)
    sass-embedded (1.97.3-riscv64-linux-musl)
      google-protobuf (~> 4.31)
    sass-embedded (1.97.3-x86_64-darwin)
      google-protobuf (~> 4.31)
    sass-embedded (1.97.3-x86_64-linux-android)
      google-protobuf (~> 4.31)
    sass-embedded (1.97.3-x86_64-linux-gnu)
      google-protobuf (~> 4.31)
    sass-embedded (1.97.3-x86_64-linux-musl)
      google-protobuf (~> 4.31)
    simplecov (0.22.0)
      docile (~> 1.1)
      simplecov-html (~> 0.11)
      simplecov_json_formatter (~> 0.1)
    simplecov-html (0.13.2)
    simplecov_json_formatter (0.1.4)
    stringex (2.8.6)
    tee (1.0.0)
    tilt (2.7.0)
    xxhash (0.7.0)

PLATFORMS
  aarch64-linux-android
  aarch64-linux-gnu
  aarch64-linux-musl
  arm-linux-androideabi
  arm-linux-gnu
  arm-linux-gnueabihf
  arm-linux-musl
  arm-linux-musleabihf
  arm64-darwin
  riscv64-linux-android
  riscv64-linux-gnu
  riscv64-linux-musl
  ruby
  x86-linux-gnu
  x86-linux-musl
  x86_64-darwin
  x86_64-linux-android
  x86_64-linux-gnu
  x86_64-linux-musl

DEPENDENCIES
  rake
  rspec
  simplecov
  simpress!

CHECKSUMS
  bigdecimal (4.0.1) sha256=8b07d3d065a9f921c80ceaea7c9d4ae596697295b584c296fe599dd0ad01c4a7
  diff-lcs (1.6.2) sha256=9ae0d2cba7d4df3075fe8cd8602a8604993efc0dfa934cff568969efb1909962
  docile (1.4.1) sha256=96159be799bfa73cdb721b840e9802126e4e03dfc26863db73647204c727f21e
  erubi (1.13.1) sha256=a082103b0885dbc5ecf1172fede897f9ebdb745a4b97a5e8dc63953db1ee4ad9
  ffi (1.17.3) sha256=0e9f39f7bb3934f77ad6feab49662be77e87eedcdeb2a3f5c0234c2938563d4c
  ffi (1.17.3-aarch64-linux-gnu) sha256=28ad573df26560f0aedd8a90c3371279a0b2bd0b4e834b16a2baa10bd7a97068
  ffi (1.17.3-aarch64-linux-musl) sha256=020b33b76775b1abacc3b7d86b287cef3251f66d747092deec592c7f5df764b2
  ffi (1.17.3-arm-linux-gnu) sha256=5bd4cea83b68b5ec0037f99c57d5ce2dd5aa438f35decc5ef68a7d085c785668
  ffi (1.17.3-arm-linux-musl) sha256=0d7626bb96265f9af78afa33e267d71cfef9d9a8eb8f5525344f8da6c7d76053
  ffi (1.17.3-arm64-darwin) sha256=0c690555d4cee17a7f07c04d59df39b2fba74ec440b19da1f685c6579bb0717f
  ffi (1.17.3-x86-linux-gnu) sha256=868a88fcaf5186c3a46b7c7c2b2c34550e1e61a405670ab23f5b6c9971529089
  ffi (1.17.3-x86-linux-musl) sha256=f0286aa6ef40605cf586e61406c446de34397b85dbb08cc99fdaddaef8343945
  ffi (1.17.3-x86_64-darwin) sha256=1f211811eb5cfaa25998322cdd92ab104bfbd26d1c4c08471599c511f2c00bb5
  ffi (1.17.3-x86_64-linux-gnu) sha256=3746b01f677aae7b16dc1acb7cb3cc17b3e35bdae7676a3f568153fb0e2c887f
  ffi (1.17.3-x86_64-linux-musl) sha256=086b221c3a68320b7564066f46fed23449a44f7a1935f1fe5a245bd89d9aea56
  google-protobuf (4.33.5) sha256=1b64fb774c101b23ac3f6923eca24be04fd971635d235c4cd4cfe0d752620da0
  google-protobuf (4.33.5-aarch64-linux-gnu) sha256=f70ca066e37a7ac60b4f34a836bb48ca3fc41a9371310052e484d8c9f925ff39
  google-protobuf (4.33.5-aarch64-linux-musl) sha256=d9ae90025f05db642e5603de5dbb2390cd1215bac7507fa575cc20b0db7e11a1
  google-protobuf (4.33.5-arm64-darwin) sha256=996d4e93c4232cc42f0facd821a92b4f4a926c3c9c1a768e7d768b33d9ef72f9
  google-protobuf (4.33.5-x86-linux-gnu) sha256=8d0d056743449221c723bffcf423ee8028a7028b4fca159db9692ec79fa4d185
  google-protobuf (4.33.5-x86-linux-musl) sha256=08de722ce05e619dcfa75a1a998615694e7a0c4254d4bb1557834d98d5090851
  google-protobuf (4.33.5-x86_64-darwin) sha256=173d1d6c9f0de93fd9ee25fde172d6fb6376099dca8844e19bc5782bbc7b93b0
  google-protobuf (4.33.5-x86_64-linux-gnu) sha256=a782adf86bfba207740b49d7bb9ccdc25c4fb8f800fe222af62bce951149338a
  google-protobuf (4.33.5-x86_64-linux-musl) sha256=d14feec9118f44cfdc3ee4a1d1baa4e6dd77fa418967ccf22ecbe76b8c1bacbf
  natto (1.2.0) sha256=07bee10b7b305b34e87eb3b6cd23aa42140816b7088acc5e55b1fbbc35c010c3
  ox (2.14.23) sha256=4a9aedb4d6c78c5ebac1d7287dc7cc6808e14a8831d7adb727438f6a1b461b66
  rake (13.3.1) sha256=8c9e89d09f66a26a01264e7e3480ec0607f0c497a861ef16063604b1b08eb19c
  redcarpet (3.6.1) sha256=d444910e6aa55480c6bcdc0cdb057626e8a32c054c29e793fa642ba2f155f445
  rspec (3.13.2) sha256=206284a08ad798e61f86d7ca3e376718d52c0bc944626b2349266f239f820587
  rspec-core (3.13.6) sha256=a8823c6411667b60a8bca135364351dda34cd55e44ff94c4be4633b37d828b2d
  rspec-expectations (3.13.5) sha256=33a4d3a1d95060aea4c94e9f237030a8f9eae5615e9bd85718fe3a09e4b58836
  rspec-mocks (3.13.7) sha256=0979034e64b1d7a838aaaddf12bf065ea4dc40ef3d4c39f01f93ae2c66c62b1c
  rspec-support (3.13.7) sha256=0640e5570872aafefd79867901deeeeb40b0c9875a36b983d85f54fb7381c47c
  sass-embedded (1.97.3) sha256=c4136da69ae3acfa7b0809f4ec10891125edf57df214a2d1ab570f721f96f7a6
  sass-embedded (1.97.3-aarch64-linux-android) sha256=623b2f52fed6e3696c6445406e4efaef57b54442cc35604bfffbb82aef7d5c45
  sass-embedded (1.97.3-aarch64-linux-gnu) sha256=81915bb19ce7e224eae534e75e828f4ab5acddcb17e54da0b5ef91d932462836
  sass-embedded (1.97.3-aarch64-linux-musl) sha256=508c92fa2f9e58f9072325e02f011bd22c7e428465c67fafaee570d0bc40563b
  sass-embedded (1.97.3-arm-linux-androideabi) sha256=e2ef33b187066e09374023e58e72cf3b5baabe6b77ecd74356fe9b4892a1c6e1
  sass-embedded (1.97.3-arm-linux-gnueabihf) sha256=ce443b57f3d7f03740267cf0f2cdff13e8055dd5938488967746f29f230222da
  sass-embedded (1.97.3-arm-linux-musleabihf) sha256=be3972424616f916ce1f4f41228266d57339e490dfd7ca0cea5588579564d4c0
  sass-embedded (1.97.3-arm64-darwin) sha256=8897d3503efe75c30584070a7104095545f5157665029aeb9bff3fa533a73861
  sass-embedded (1.97.3-riscv64-linux-android) sha256=201426b3e58611aa8cf34a7574df51905ec42fefb5a69982cc8497ac7fb26a6b
  sass-embedded (1.97.3-riscv64-linux-gnu) sha256=d7bac32f4de55c589a036da13ac4482bf5b7dfac980b4c0203d31a1bd9f07622
  sass-embedded (1.97.3-riscv64-linux-musl) sha256=621d981d700e2b8d0459b5ea696fff746dfa07d6b6bbc70cd982905214b07888
  sass-embedded (1.97.3-x86_64-darwin) sha256=578f167907ee2a4d355a5a40bcf35d2e3eb90c87008dcd9ce31a2c4a877697f6
  sass-embedded (1.97.3-x86_64-linux-android) sha256=8f5e179bee8610be432499f228ea4e53ab362b1db0da1ae3cd3e76b114712372
  sass-embedded (1.97.3-x86_64-linux-gnu) sha256=173a4d0dbe2fffdf7482bd3e82fb597dfc658c18d1e8fd746aa7d5077ed4e850
  sass-embedded (1.97.3-x86_64-linux-musl) sha256=fcc0dcb253ef174ea25283f8781ce9ce95a492663f4bdbb1d66bfae99267a9f7
  simplecov (0.22.0) sha256=fe2622c7834ff23b98066bb0a854284b2729a569ac659f82621fc22ef36213a5
  simplecov-html (0.13.2) sha256=bd0b8e54e7c2d7685927e8d6286466359b6f16b18cb0df47b508e8d73c777246
  simplecov_json_formatter (0.1.4) sha256=529418fbe8de1713ac2b2d612aa3daa56d316975d307244399fa4838c601b428
  simpress (0.0.1)
  stringex (2.8.6) sha256=c7b382d2b2a47a1e1646f256df201c48d487d6296fbb289d76802f67f5e929c4
  tee (1.0.0) sha256=64daf52e612410b658018cf37785f62edeecaac89394d13ab593dca15c0ce1af
  tilt (2.7.0) sha256=0d5b9ba69f6a36490c64b0eee9f6e9aad517e20dcc848800a06eb116f08c6ab3
  xxhash (0.7.0) sha256=1177e65232a4ede2f8022b0d062cc4bb25b4aaf32e81657e8140e0bff7b49fc3

BUNDLED WITH
  4.0.6
